
Microsoft Visual Studio Solution File, Format Version 12.00
# Visual Studio 2012
Project("{FAE04EC0-301F-11D3-BF4B-00C04F79EFBC}") = "RahamtGroupStore.ViewModel", "RahamtGroupStore.ViewModel\RahamtGroupStore.ViewModel.csproj", "{473D1E08-7553-4BD1-AB25-955881E4DF6B}"
EndProject
Project("{FAE04EC0-301F-11D3-BF4B-00C04F79EFBC}") = "RahamtGroupStore.View", "RahamtGroupStore.View\RahamtGroupStore.View.csproj", "{87C133CB-0BCB-475A-B724-4887E56BC657}"
EndProject
Project("{FAE04EC0-301F-11D3-BF4B-00C04F79EFBC}") = "RahamtGroupStore.Model", "RahamtGroupStore.Model\RahamtGroupStore.Model.csproj", "{F37BB7E4-D321-4338-B21C-3E1C4D1FE2D5}"
EndProject
Global
	GlobalSection(SolutionConfigurationPlatforms) = preSolution
		Debug|Any CPU = Debug|Any CPU
		Release|Any CPU = Release|Any CPU
	EndGlobalSection
	GlobalSection(ProjectConfigurationPlatforms) = postSolution
		{473D1E08-7553-4BD1-AB25-955881E4DF6B}.Debug|Any CPU.ActiveCfg = Debug|Any CPU
		{473D1E08-7553-4BD1-AB25-955881E4DF6B}.Debug|Any CPU.Build.0 = Debug|Any CPU
		{473D1E08-7553-4BD1-AB25-955881E4DF6B}.Release|Any CPU.ActiveCfg = Release|Any CPU
		{473D1E08-7553-4BD1-AB25-955881E4DF6B}.Release|Any CPU.Build.0 = Release|Any CPU
		{87C133CB-0BCB-475A-B724-4887E56BC657}.Debug|Any CPU.ActiveCfg = Debug|Any CPU
		{87C133CB-0BCB-475A-B724-4887E56BC657}.Debug|Any CPU.Build.0 = Debug|Any CPU
		{87C133CB-0BCB-475A-B724-4887E56BC657}.Release|Any CPU.ActiveCfg = Release|Any CPU
		{87C133CB-0BCB-475A-B724-4887E56BC657}.Release|Any CPU.Build.0 = Release|Any CPU
		{F37BB7E4-D321-4338-B21C-3E1C4D1FE2D5}.Debug|Any CPU.ActiveCfg = Debug|Any CPU
		{F37BB7E4-D321-4338-B21C-3E1C4D1FE2D5}.Debug|Any CPU.Build.0 = Debug|Any CPU
		{F37BB7E4-D321-4338-B21C-3E1C4D1FE2D5}.Release|Any CPU.ActiveCfg = Release|Any CPU
		{F37BB7E4-D321-4338-B21C-3E1C4D1FE2D5}.Release|Any CPU.Build.0 = Release|Any CPU
	EndGlobalSection
	GlobalSection(SolutionProperties) = preSolution
		HideSolutionNode = FALSE
	EndGlobalSection
EndGlobal
